
Microsoft Visual Studio Solution File, Format Version 12.00
# Visual Studio Version 17
VisualStudioVersion = 17.9.34728.123
MinimumVisualStudioVersion = 10.0.40219.1
Project("{FAE04EC0-301F-11D3-BF4B-00C04F79EFBC}") = "OportunidadeAPI", "OportunidadeAPI\OportunidadeAPI.csproj", "{08E196A4-5EA0-49C4-A097-F80788C658F3}"
EndProject
Project("{FAE04EC0-301F-11D3-BF4B-00C04F79EFBC}") = "Models", "Models\Models.csproj", "{6B6F72B4-041B-4E5D-AE2C-A3C3FCFB7E32}"
EndProject
Project("{FAE04EC0-301F-11D3-BF4B-00C04F79EFBC}") = "DuvidaAPI", "DuvidaAPI\DuvidaAPI.csproj", "{2198ACC2-5087-4E74-9E2F-2BE0755C0FE9}"
EndProject
Global
	GlobalSection(SolutionConfigurationPlatforms) = preSolution
		Debug|Any CPU = Debug|Any CPU
		Release|Any CPU = Release|Any CPU
	EndGlobalSection
	GlobalSection(ProjectConfigurationPlatforms) = postSolution
		{08E196A4-5EA0-49C4-A097-F80788C658F3}.Debug|Any CPU.ActiveCfg = Debug|Any CPU
		{08E196A4-5EA0-49C4-A097-F80788C658F3}.Debug|Any CPU.Build.0 = Debug|Any CPU
		{08E196A4-5EA0-49C4-A097-F80788C658F3}.Release|Any CPU.ActiveCfg = Release|Any CPU
		{08E196A4-5EA0-49C4-A097-F80788C658F3}.Release|Any CPU.Build.0 = Release|Any CPU
		{6B6F72B4-041B-4E5D-AE2C-A3C3FCFB7E32}.Debug|Any CPU.ActiveCfg = Debug|Any CPU
		{6B6F72B4-041B-4E5D-AE2C-A3C3FCFB7E32}.Debug|Any CPU.Build.0 = Debug|Any CPU
		{6B6F72B4-041B-4E5D-AE2C-A3C3FCFB7E32}.Release|Any CPU.ActiveCfg = Release|Any CPU
		{6B6F72B4-041B-4E5D-AE2C-A3C3FCFB7E32}.Release|Any CPU.Build.0 = Release|Any CPU
		{2198ACC2-5087-4E74-9E2F-2BE0755C0FE9}.Debug|Any CPU.ActiveCfg = Debug|Any CPU
		{2198ACC2-5087-4E74-9E2F-2BE0755C0FE9}.Debug|Any CPU.Build.0 = Debug|Any CPU
		{2198ACC2-5087-4E74-9E2F-2BE0755C0FE9}.Release|Any CPU.ActiveCfg = Release|Any CPU
		{2198ACC2-5087-4E74-9E2F-2BE0755C0FE9}.Release|Any CPU.Build.0 = Release|Any CPU
	EndGlobalSection
	GlobalSection(SolutionProperties) = preSolution
		HideSolutionNode = FALSE
	EndGlobalSection
	GlobalSection(ExtensibilityGlobals) = postSolution
		SolutionGuid = {0F1B6B90-5B72-48CB-BB11-4AA56441A6CF}
	EndGlobalSection
EndGlobal
